
Microsoft Visual Studio Solution File, Format Version 12.00
# Visual Studio Version 17
VisualStudioVersion = 17.0.32126.317
MinimumVisualStudioVersion = 10.0.40219.1
Project("{9A19103F-16F7-4668-BE54-9A1E7A4F7556}") = "Kent.SqlServer.Abstractions", "src\Kent.SqlServer.Abstractions\Kent.SqlServer.Abstractions.csproj", "{AC686C44-70DF-4F46-A2B2-389F82ADB006}"
EndProject
Project("{9A19103F-16F7-4668-BE54-9A1E7A4F7556}") = "Kent.SqlServer", "src\Kent.SqlServer\Kent.SqlServer.csproj", "{51E23F69-BA1B-42EC-AC5B-A64EAC5B44F9}"
EndProject
Project("{9A19103F-16F7-4668-BE54-9A1E7A4F7556}") = "Kent.SqlServer.Tests", "src\Kent.SqlServer.Tests\Kent.SqlServer.Tests.csproj", "{9CDBC1D7-9F10-4A54-9BB3-D7CC2DE7DE90}"
EndProject
Project("{2150E333-8FDC-42A3-9474-1A3956D46DE8}") = "workflow", "workflow", "{3BFDCE59-C398-4706-ADE7-F504B26FDA0E}"
	ProjectSection(SolutionItems) = preProject
		.github\workflows\pipeline.yml = .github\workflows\pipeline.yml
	EndProjectSection
EndProject
Global
	GlobalSection(SolutionConfigurationPlatforms) = preSolution
		Debug|Any CPU = Debug|Any CPU
		Release|Any CPU = Release|Any CPU
	EndGlobalSection
	GlobalSection(ProjectConfigurationPlatforms) = postSolution
		{AC686C44-70DF-4F46-A2B2-389F82ADB006}.Debug|Any CPU.ActiveCfg = Debug|Any CPU
		{AC686C44-70DF-4F46-A2B2-389F82ADB006}.Debug|Any CPU.Build.0 = Debug|Any CPU
		{AC686C44-70DF-4F46-A2B2-389F82ADB006}.Release|Any CPU.ActiveCfg = Release|Any CPU
		{AC686C44-70DF-4F46-A2B2-389F82ADB006}.Release|Any CPU.Build.0 = Release|Any CPU
		{51E23F69-BA1B-42EC-AC5B-A64EAC5B44F9}.Debug|Any CPU.ActiveCfg = Debug|Any CPU
		{51E23F69-BA1B-42EC-AC5B-A64EAC5B44F9}.Debug|Any CPU.Build.0 = Debug|Any CPU
		{51E23F69-BA1B-42EC-AC5B-A64EAC5B44F9}.Release|Any CPU.ActiveCfg = Release|Any CPU
		{51E23F69-BA1B-42EC-AC5B-A64EAC5B44F9}.Release|Any CPU.Build.0 = Release|Any CPU
		{9CDBC1D7-9F10-4A54-9BB3-D7CC2DE7DE90}.Debug|Any CPU.ActiveCfg = Debug|Any CPU
		{9CDBC1D7-9F10-4A54-9BB3-D7CC2DE7DE90}.Debug|Any CPU.Build.0 = Debug|Any CPU
		{9CDBC1D7-9F10-4A54-9BB3-D7CC2DE7DE90}.Release|Any CPU.ActiveCfg = Release|Any CPU
		{9CDBC1D7-9F10-4A54-9BB3-D7CC2DE7DE90}.Release|Any CPU.Build.0 = Release|Any CPU
	EndGlobalSection
	GlobalSection(SolutionProperties) = preSolution
		HideSolutionNode = FALSE
	EndGlobalSection
	GlobalSection(ExtensibilityGlobals) = postSolution
		SolutionGuid = {1D80E32C-0C95-4AEA-AFD9-256584F9BE2C}
	EndGlobalSection
EndGlobal
